// !$*UTF8*$!
{
	archiveVersion = 1;
	classes = {
	};
	objectVersion = 55;
	objects = {

/* Begin PBXBuildFile section */
		96B91DF127BE4AFE00475CAA /* AppDelegate.swift in Sources */ = {isa = PBXBuildFile; fileRef = 96B91DF027BE4AFE00475CAA /* AppDelegate.swift */; };
		96B91DF327BE4AFE00475CAA /* SceneDelegate.swift in Sources */ = {isa = PBXBuildFile; fileRef = 96B91DF227BE4AFE00475CAA /* SceneDelegate.swift */; };
		96B91DF527BE4AFE00475CAA /* ViewController.swift in Sources */ = {isa = PBXBuildFile; fileRef = 96B91DF427BE4AFE00475CAA /* ViewController.swift */; };
		96B91DF827BE4AFE00475CAA /* Main.storyboard in Resources */ = {isa = PBXBuildFile; fileRef = 96B91DF627BE4AFE00475CAA /* Main.storyboard */; };
		96B91DFA27BE4AFF00475CAA /* Assets.xcassets in Resources */ = {isa = PBXBuildFile; fileRef = 96B91DF927BE4AFF00475CAA /* Assets.xcassets */; };
		96B91DFD27BE4AFF00475CAA /* LaunchScreen.storyboard in Resources */ = {isa = PBXBuildFile; fileRef = 96B91DFB27BE4AFF00475CAA /* LaunchScreen.storyboard */; };
		96B91E0627BE4B6300475CAA /* RootViewController.swift in Sources */ = {isa = PBXBuildFile; fileRef = 96B91E0527BE4B6300475CAA /* RootViewController.swift */; };
		96B91E0927BE587800475CAA /* UIViewControllersExtension.swift in Sources */ = {isa = PBXBuildFile; fileRef = 96B91E0827BE587800475CAA /* UIViewControllersExtension.swift */; };
		96CAF15827C0A3C8009AC7B7 /* ScrollViewController.swift in Sources */ = {isa = PBXBuildFile; fileRef = 96CAF15727C0A3C8009AC7B7 /* ScrollViewController.swift */; };
		96CAF15A27C0BEE7009AC7B7 /* TableViewController.swift in Sources */ = {isa = PBXBuildFile; fileRef = 96CAF15927C0BEE7009AC7B7 /* TableViewController.swift */; };
		96CAF15D27C0C077009AC7B7 /* TableCell.swift in Sources */ = {isa = PBXBuildFile; fileRef = 96CAF15C27C0C077009AC7B7 /* TableCell.swift */; };
		96CAF15F27C0CCAF009AC7B7 /* CollectionViewController.swift in Sources */ = {isa = PBXBuildFile; fileRef = 96CAF15E27C0CCAF009AC7B7 /* CollectionViewController.swift */; };
		96CAF16127C0CD4E009AC7B7 /* CollectionCell.swift in Sources */ = {isa = PBXBuildFile; fileRef = 96CAF16027C0CD4E009AC7B7 /* CollectionCell.swift */; };
		96CAF16327C0DC6F009AC7B7 /* CollectionHeaderCell.swift in Sources */ = {isa = PBXBuildFile; fileRef = 96CAF16227C0DC6F009AC7B7 /* CollectionHeaderCell.swift */; };
		96CAF16527C0EE50009AC7B7 /* AnimationController.swift in Sources */ = {isa = PBXBuildFile; fileRef = 96CAF16427C0EE50009AC7B7 /* AnimationController.swift */; };
		96CAF16727C0F0EE009AC7B7 /* ModalView.swift in Sources */ = {isa = PBXBuildFile; fileRef = 96CAF16627C0F0EE009AC7B7 /* ModalView.swift */; };
/* End PBXBuildFile section */

/* Begin PBXFileReference section */
		96B91DED27BE4AFE00475CAA /* Newstock.app */ = {isa = PBXFileReference; explicitFileType = wrapper.application; includeInIndex = 0; path = Newstock.app; sourceTree = BUILT_PRODUCTS_DIR; };
		96B91DF027BE4AFE00475CAA /* AppDelegate.swift */ = {isa = PBXFileReference; lastKnownFileType = sourcecode.swift; path = AppDelegate.swift; sourceTree = "<group>"; };
		96B91DF227BE4AFE00475CAA /* SceneDelegate.swift */ = {isa = PBXFileReference; lastKnownFileType = sourcecode.swift; path = SceneDelegate.swift; sourceTree = "<group>"; };
		96B91DF427BE4AFE00475CAA /* ViewController.swift */ = {isa = PBXFileReference; lastKnownFileType = sourcecode.swift; path = ViewController.swift; sourceTree = "<group>"; };
		96B91DF727BE4AFE00475CAA /* Base */ = {isa = PBXFileReference; lastKnownFileType = file.storyboard; name = Base; path = Base.lproj/Main.storyboard; sourceTree = "<group>"; };
		96B91DF927BE4AFF00475CAA /* Assets.xcassets */ = {isa = PBXFileReference; lastKnownFileType = folder.assetcatalog; path = Assets.xcassets; sourceTree = "<group>"; };
		96B91DFC27BE4AFF00475CAA /* Base */ = {isa = PBXFileReference; lastKnownFileType = file.storyboard; name = Base; path = Base.lproj/LaunchScreen.storyboard; sourceTree = "<group>"; };
		96B91DFE27BE4AFF00475CAA /* Info.plist */ = {isa = PBXFileReference; lastKnownFileType = text.plist.xml; path = Info.plist; sourceTree = "<group>"; };
		96B91E0527BE4B6300475CAA /* RootViewController.swift */ = {isa = PBXFileReference; lastKnownFileType = sourcecode.swift; path = RootViewController.swift; sourceTree = "<group>"; };
		96B91E0827BE587800475CAA /* UIViewControllersExtension.swift */ = {isa = PBXFileReference; lastKnownFileType = sourcecode.swift; path = UIViewControllersExtension.swift; sourceTree = "<group>"; };
		96CAF15727C0A3C8009AC7B7 /* ScrollViewController.swift */ = {isa = PBXFileReference; lastKnownFileType = sourcecode.swift; path = ScrollViewController.swift; sourceTree = "<group>"; };
		96CAF15927C0BEE7009AC7B7 /* TableViewController.swift */ = {isa = PBXFileReference; lastKnownFileType = sourcecode.swift; path = TableViewController.swift; sourceTree = "<group>"; };
		96CAF15C27C0C077009AC7B7 /* TableCell.swift */ = {isa = PBXFileReference; lastKnownFileType = sourcecode.swift; path = TableCell.swift; sourceTree = "<group>"; };
		96CAF15E27C0CCAF009AC7B7 /* CollectionViewController.swift */ = {isa = PBXFileReference; lastKnownFileType = sourcecode.swift; path = CollectionViewController.swift; sourceTree = "<group>"; };
		96CAF16027C0CD4E009AC7B7 /* CollectionCell.swift */ = {isa = PBXFileReference; lastKnownFileType = sourcecode.swift; path = CollectionCell.swift; sourceTree = "<group>"; };
		96CAF16227C0DC6F009AC7B7 /* CollectionHeaderCell.swift */ = {isa = PBXFileReference; lastKnownFileType = sourcecode.swift; path = CollectionHeaderCell.swift; sourceTree = "<group>"; };
		96CAF16427C0EE50009AC7B7 /* AnimationController.swift */ = {isa = PBXFileReference; lastKnownFileType = sourcecode.swift; path = AnimationController.swift; sourceTree = "<group>"; };
		96CAF16627C0F0EE009AC7B7 /* ModalView.swift */ = {isa = PBXFileReference; lastKnownFileType = sourcecode.swift; path = ModalView.swift; sourceTree = "<group>"; };
/* End PBXFileReference section */

/* Begin PBXFrameworksBuildPhase section */
		96B91DEA27BE4AFE00475CAA /* Frameworks */ = {
			isa = PBXFrameworksBuildPhase;
			buildActionMask = 2147483647;
			files = (
			);
			runOnlyForDeploymentPostprocessing = 0;
		};
/* End PBXFrameworksBuildPhase section */

/* Begin PBXGroup section */
		96B91DE427BE4AFE00475CAA = {
			isa = PBXGroup;
			children = (
				96B91DEF27BE4AFE00475CAA /* Newstock */,
				96B91DEE27BE4AFE00475CAA /* Products */,
			);
			sourceTree = "<group>";
		};
		96B91DEE27BE4AFE00475CAA /* Products */ = {
			isa = PBXGroup;
			children = (
				96B91DED27BE4AFE00475CAA /* Newstock.app */,
			);
			name = Products;
			sourceTree = "<group>";
		};
		96B91DEF27BE4AFE00475CAA /* Newstock */ = {
			isa = PBXGroup;
			children = (
				96CAF15B27C0C064009AC7B7 /* Views */,
				96B91E0727BE586100475CAA /* Extensions */,
				96B91E0427BE4B4A00475CAA /* Controllers */,
				96B91DF027BE4AFE00475CAA /* AppDelegate.swift */,
				96B91DF227BE4AFE00475CAA /* SceneDelegate.swift */,
				96B91DF427BE4AFE00475CAA /* ViewController.swift */,
				96B91DF627BE4AFE00475CAA /* Main.storyboard */,
				96B91DF927BE4AFF00475CAA /* Assets.xcassets */,
				96B91DFB27BE4AFF00475CAA /* LaunchScreen.storyboard */,
				96B91DFE27BE4AFF00475CAA /* Info.plist */,
			);
			path = Newstock;
			sourceTree = "<group>";
		};
		96B91E0427BE4B4A00475CAA /* Controllers */ = {
			isa = PBXGroup;
			children = (
				96B91E0527BE4B6300475CAA /* RootViewController.swift */,
				96CAF15727C0A3C8009AC7B7 /* ScrollViewController.swift */,
				96CAF15927C0BEE7009AC7B7 /* TableViewController.swift */,
				96CAF15E27C0CCAF009AC7B7 /* CollectionViewController.swift */,
				96CAF16427C0EE50009AC7B7 /* AnimationController.swift */,
			);
			path = Controllers;
			sourceTree = "<group>";
		};
		96B91E0727BE586100475CAA /* Extensions */ = {
			isa = PBXGroup;
			children = (
				96B91E0827BE587800475CAA /* UIViewControllersExtension.swift */,
			);
			path = Extensions;
			sourceTree = "<group>";
		};
		96CAF15B27C0C064009AC7B7 /* Views */ = {
			isa = PBXGroup;
			children = (
				96CAF15C27C0C077009AC7B7 /* TableCell.swift */,
				96CAF16027C0CD4E009AC7B7 /* CollectionCell.swift */,
				96CAF16227C0DC6F009AC7B7 /* CollectionHeaderCell.swift */,
				96CAF16627C0F0EE009AC7B7 /* ModalView.swift */,
			);
			path = Views;
			sourceTree = "<group>";
		};
/* End PBXGroup section */

/* Begin PBXNativeTarget section */
		96B91DEC27BE4AFE00475CAA /* Newstock */ = {
			isa = PBXNativeTarget;
			buildConfigurationList = 96B91E0127BE4AFF00475CAA /* Build configuration list for PBXNativeTarget "Newstock" */;
			buildPhases = (
				96B91DE927BE4AFE00475CAA /* Sources */,
				96B91DEA27BE4AFE00475CAA /* Frameworks */,
				96B91DEB27BE4AFE00475CAA /* Resources */,
			);
			buildRules = (
			);
			dependencies = (
			);
			name = Newstock;
			productName = Newstock;
			productReference = 96B91DED27BE4AFE00475CAA /* Newstock.app */;
			productType = "com.apple.product-type.application";
		};
/* End PBXNativeTarget section */

/* Begin PBXProject section */
		96B91DE527BE4AFE00475CAA /* Project object */ = {
			isa = PBXProject;
			attributes = {
				BuildIndependentTargetsInParallel = 1;
				LastSwiftUpdateCheck = 1320;
				LastUpgradeCheck = 1320;
				TargetAttributes = {
					96B91DEC27BE4AFE00475CAA = {
						CreatedOnToolsVersion = 13.2.1;
					};
				};
			};
			buildConfigurationList = 96B91DE827BE4AFE00475CAA /* Build configuration list for PBXProject "Newstock" */;
			compatibilityVersion = "Xcode 13.0";
			developmentRegion = en;
			hasScannedForEncodings = 0;
			knownRegions = (
				en,
				Base,
			);
			mainGroup = 96B91DE427BE4AFE00475CAA;
			productRefGroup = 96B91DEE27BE4AFE00475CAA /* Products */;
			projectDirPath = "";
			projectRoot = "";
			targets = (
				96B91DEC27BE4AFE00475CAA /* Newstock */,
			);
		};
/* End PBXProject section */

/* Begin PBXResourcesBuildPhase section */
		96B91DEB27BE4AFE00475CAA /* Resources */ = {
			isa = PBXResourcesBuildPhase;
			buildActionMask = 2147483647;
			files = (
				96B91DFD27BE4AFF00475CAA /* LaunchScreen.storyboard in Resources */,
				96B91DFA27BE4AFF00475CAA /* Assets.xcassets in Resources */,
				96B91DF827BE4AFE00475CAA /* Main.storyboard in Resources */,
			);
			runOnlyForDeploymentPostprocessing = 0;
		};
/* End PBXResourcesBuildPhase section */

/* Begin PBXSourcesBuildPhase section */
		96B91DE927BE4AFE00475CAA /* Sources */ = {
			isa = PBXSourcesBuildPhase;
			buildActionMask = 2147483647;
			files = (
				96CAF16527C0EE50009AC7B7 /* AnimationController.swift in Sources */,
				96CAF15F27C0CCAF009AC7B7 /* CollectionViewController.swift in Sources */,
				96B91DF527BE4AFE00475CAA /* ViewController.swift in Sources */,
				96CAF15A27C0BEE7009AC7B7 /* TableViewController.swift in Sources */,
				96CAF15D27C0C077009AC7B7 /* TableCell.swift in Sources */,
				96CAF15827C0A3C8009AC7B7 /* ScrollViewController.swift in Sources */,
				96B91DF127BE4AFE00475CAA /* AppDelegate.swift in Sources */,
				96B91E0627BE4B6300475CAA /* RootViewController.swift in Sources */,
				96CAF16727C0F0EE009AC7B7 /* ModalView.swift in Sources */,
				96B91E0927BE587800475CAA /* UIViewControllersExtension.swift in Sources */,
				96B91DF327BE4AFE00475CAA /* SceneDelegate.swift in Sources */,
				96CAF16127C0CD4E009AC7B7 /* CollectionCell.swift in Sources */,
				96CAF16327C0DC6F009AC7B7 /* CollectionHeaderCell.swift in Sources */,
			);
			runOnlyForDeploymentPostprocessing = 0;
		};
/* End PBXSourcesBuildPhase section */

/* Begin PBXVariantGroup section */
		96B91DF627BE4AFE00475CAA /* Main.storyboard */ = {
			isa = PBXVariantGroup;
			children = (
				96B91DF727BE4AFE00475CAA /* Base */,
			);
			name = Main.storyboard;
			sourceTree = "<group>";
		};
		96B91DFB27BE4AFF00475CAA /* LaunchScreen.storyboard */ = {
			isa = PBXVariantGroup;
			children = (
				96B91DFC27BE4AFF00475CAA /* Base */,
			);
			name = LaunchScreen.storyboard;
			sourceTree = "<group>";
		};
/* End PBXVariantGroup section */

/* Begin XCBuildConfiguration section */
		96B91DFF27BE4AFF00475CAA /* Debug */ = {
			isa = XCBuildConfiguration;
			buildSettings = {
				ALWAYS_SEARCH_USER_PATHS = NO;
				CLANG_ANALYZER_NONNULL = YES;
				CLANG_ANALYZER_NUMBER_OBJECT_CONVERSION = YES_AGGRESSIVE;
				CLANG_CXX_LANGUAGE_STANDARD = "gnu++17";
				CLANG_CXX_LIBRARY = "libc++";
				CLANG_ENABLE_MODULES = YES;
				CLANG_ENABLE_OBJC_ARC = YES;
				CLANG_ENABLE_OBJC_WEAK = YES;
				CLANG_WARN_BLOCK_CAPTURE_AUTORELEASING = YES;
				CLANG_WARN_BOOL_CONVERSION = YES;
				CLANG_WARN_COMMA = YES;
				CLANG_WARN_CONSTANT_CONVERSION = YES;
				CLANG_WARN_DEPRECATED_OBJC_IMPLEMENTATIONS = YES;
				CLANG_WARN_DIRECT_OBJC_ISA_USAGE = YES_ERROR;
				CLANG_WARN_DOCUMENTATION_COMMENTS = YES;
				CLANG_WARN_EMPTY_BODY = YES;
				CLANG_WARN_ENUM_CONVERSION = YES;
				CLANG_WARN_INFINITE_RECURSION = YES;
				CLANG_WARN_INT_CONVERSION = YES;
				CLANG_WARN_NON_LITERAL_NULL_CONVERSION = YES;
				CLANG_WARN_OBJC_IMPLICIT_RETAIN_SELF = YES;
				CLANG_WARN_OBJC_LITERAL_CONVERSION = YES;
				CLANG_WARN_OBJC_ROOT_CLASS = YES_ERROR;
				CLANG_WARN_QUOTED_INCLUDE_IN_FRAMEWORK_HEADER = YES;
				CLANG_WARN_RANGE_LOOP_ANALYSIS = YES;
				CLANG_WARN_STRICT_PROTOTYPES = YES;
				CLANG_WARN_SUSPICIOUS_MOVE = YES;
				CLANG_WARN_UNGUARDED_AVAILABILITY = YES_AGGRESSIVE;
				CLANG_WARN_UNREACHABLE_CODE = YES;
				CLANG_WARN__DUPLICATE_METHOD_MATCH = YES;
				COPY_PHASE_STRIP = NO;
				DEBUG_INFORMATION_FORMAT = dwarf;
				ENABLE_STRICT_OBJC_MSGSEND = YES;
				ENABLE_TESTABILITY = YES;
				GCC_C_LANGUAGE_STANDARD = gnu11;
				GCC_DYNAMIC_NO_PIC = NO;
				GCC_NO_COMMON_BLOCKS = YES;
				GCC_OPTIMIZATION_LEVEL = 0;
				GCC_PREPROCESSOR_DEFINITIONS = (
					"DEBUG=1",
					"$(inherited)",
				);
				GCC_WARN_64_TO_32_BIT_CONVERSION = YES;
				GCC_WARN_ABOUT_RETURN_TYPE = YES_ERROR;
				GCC_WARN_UNDECLARED_SELECTOR = YES;
				GCC_WARN_UNINITIALIZED_AUTOS = YES_AGGRESSIVE;
				GCC_WARN_UNUSED_FUNCTION = YES;
				GCC_WARN_UNUSED_VARIABLE = YES;
				IPHONEOS_DEPLOYMENT_TARGET = 15.2;
				MTL_ENABLE_DEBUG_INFO = INCLUDE_SOURCE;
				MTL_FAST_MATH = YES;
				ONLY_ACTIVE_ARCH = YES;
				SDKROOT = iphoneos;
				SWIFT_ACTIVE_COMPILATION_CONDITIONS = DEBUG;
				SWIFT_OPTIMIZATION_LEVEL = "-Onone";
			};
			name = Debug;
		};
		96B91E0027BE4AFF00475CAA /* Release */ = {
			isa = XCBuildConfiguration;
			buildSettings = {
				ALWAYS_SEARCH_USER_PATHS = NO;
				CLANG_ANALYZER_NONNULL = YES;
				CLANG_ANALYZER_NUMBER_OBJECT_CONVERSION = YES_AGGRESSIVE;
				CLANG_CXX_LANGUAGE_STANDARD = "gnu++17";
				CLANG_CXX_LIBRARY = "libc++";
				CLANG_ENABLE_MODULES = YES;
				CLANG_ENABLE_OBJC_ARC = YES;
				CLANG_ENABLE_OBJC_WEAK = YES;
				CLANG_WARN_BLOCK_CAPTURE_AUTORELEASING = YES;
				CLANG_WARN_BOOL_CONVERSION = YES;
				CLANG_WARN_COMMA = YES;
				CLANG_WARN_CONSTANT_CONVERSION = YES;
				CLANG_WARN_DEPRECATED_OBJC_IMPLEMENTATIONS = YES;
				CLANG_WARN_DIRECT_OBJC_ISA_USAGE = YES_ERROR;
				CLANG_WARN_DOCUMENTATION_COMMENTS = YES;
				CLANG_WARN_EMPTY_BODY = YES;
				CLANG_WARN_ENUM_CONVERSION = YES;
				CLANG_WARN_INFINITE_RECURSION = YES;
				CLANG_WARN_INT_CONVERSION = YES;
				CLANG_WARN_NON_LITERAL_NULL_CONVERSION = YES;
				CLANG_WARN_OBJC_IMPLICIT_RETAIN_SELF = YES;
				CLANG_WARN_OBJC_LITERAL_CONVERSION = YES;
				CLANG_WARN_OBJC_ROOT_CLASS = YES_ERROR;
				CLANG_WARN_QUOTED_INCLUDE_IN_FRAMEWORK_HEADER = YES;
				CLANG_WARN_RANGE_LOOP_ANALYSIS = YES;
				CLANG_WARN_STRICT_PROTOTYPES = YES;
				CLANG_WARN_SUSPICIOUS_MOVE = YES;
				CLANG_WARN_UNGUARDED_AVAILABILITY = YES_AGGRESSIVE;
				CLANG_WARN_UNREACHABLE_CODE = YES;
				CLANG_WARN__DUPLICATE_METHOD_MATCH = YES;
				COPY_PHASE_STRIP = NO;
				DEBUG_INFORMATION_FORMAT = "dwarf-with-dsym";
				ENABLE_NS_ASSERTIONS = NO;
				ENABLE_STRICT_OBJC_MSGSEND = YES;
				GCC_C_LANGUAGE_STANDARD = gnu11;
				GCC_NO_COMMON_BLOCKS = YES;
				GCC_WARN_64_TO_32_BIT_CONVERSION = YES;
				GCC_WARN_ABOUT_RETURN_TYPE = YES_ERROR;
				GCC_WARN_UNDECLARED_SELECTOR = YES;
				GCC_WARN_UNINITIALIZED_AUTOS = YES_AGGRESSIVE;
				GCC_WARN_UNUSED_FUNCTION = YES;
				GCC_WARN_UNUSED_VARIABLE = YES;
				IPHONEOS_DEPLOYMENT_TARGET = 15.2;
				MTL_ENABLE_DEBUG_INFO = NO;
				MTL_FAST_MATH = YES;
				SDKROOT = iphoneos;
				SWIFT_COMPILATION_MODE = wholemodule;
				SWIFT_OPTIMIZATION_LEVEL = "-O";
				VALIDATE_PRODUCT = YES;
			};
			name = Release;
		};
		96B91E0227BE4AFF00475CAA /* Debug */ = {
			isa = XCBuildConfiguration;
			buildSettings = {
				ASSETCATALOG_COMPILER_APPICON_NAME = AppIcon;
				ASSETCATALOG_COMPILER_GLOBAL_ACCENT_COLOR_NAME = AccentColor;
				CODE_SIGN_STYLE = Automatic;
				CURRENT_PROJECT_VERSION = 1;
				DEVELOPMENT_TEAM = M79928L8PF;
				GENERATE_INFOPLIST_FILE = YES;
				INFOPLIST_FILE = Newstock/Info.plist;
				INFOPLIST_KEY_UIApplicationSupportsIndirectInputEvents = YES;
				INFOPLIST_KEY_UILaunchStoryboardName = LaunchScreen;
				INFOPLIST_KEY_UISupportedInterfaceOrientations_iPad = "UIInterfaceOrientationPortrait UIInterfaceOrientationPortraitUpsideDown UIInterfaceOrientationLandscapeLeft UIInterfaceOrientationLandscapeRight";
				INFOPLIST_KEY_UISupportedInterfaceOrientations_iPhone = "UIInterfaceOrientationPortrait UIInterfaceOrientationLandscapeLeft UIInterfaceOrientationLandscapeRight";
				LD_RUNPATH_SEARCH_PATHS = (
					"$(inherited)",
					"@executable_path/Frameworks",
				);
				MARKETING_VERSION = 1.0;
				PRODUCT_BUNDLE_IDENTIFIER = com.future.Newstock;
				PRODUCT_NAME = "$(TARGET_NAME)";
				SWIFT_EMIT_LOC_STRINGS = YES;
				SWIFT_VERSION = 5.0;
				TARGETED_DEVICE_FAMILY = "1,2";
			};
			name = Debug;
		};
		96B91E0327BE4AFF00475CAA /* Release */ = {
			isa = XCBuildConfiguration;
			buildSettings = {
				ASSETCATALOG_COMPILER_APPICON_NAME = AppIcon;
				ASSETCATALOG_COMPILER_GLOBAL_ACCENT_COLOR_NAME = AccentColor;
				CODE_SIGN_STYLE = Automatic;
				CURRENT_PROJECT_VERSION = 1;
				DEVELOPMENT_TEAM = M79928L8PF;
				GENERATE_INFOPLIST_FILE = YES;
				INFOPLIST_FILE = Newstock/Info.plist;
				INFOPLIST_KEY_UIApplicationSupportsIndirectInputEvents = YES;
				INFOPLIST_KEY_UILaunchStoryboardName = LaunchScreen;
				INFOPLIST_KEY_UISupportedInterfaceOrientations_iPad = "UIInterfaceOrientationPortrait UIInterfaceOrientationPortraitUpsideDown UIInterfaceOrientationLandscapeLeft UIInterfaceOrientationLandscapeRight";
				INFOPLIST_KEY_UISupportedInterfaceOrientations_iPhone = "UIInterfaceOrientationPortrait UIInterfaceOrientationLandscapeLeft UIInterfaceOrientationLandscapeRight";
				LD_RUNPATH_SEARCH_PATHS = (
					"$(inherited)",
					"@executable_path/Frameworks",
				);
				MARKETING_VERSION = 1.0;
				PRODUCT_BUNDLE_IDENTIFIER = com.future.Newstock;
				PRODUCT_NAME = "$(TARGET_NAME)";
				SWIFT_EMIT_LOC_STRINGS = YES;
				SWIFT_VERSION = 5.0;
				TARGETED_DEVICE_FAMILY = "1,2";
			};
			name = Release;
		};
/* End XCBuildConfiguration section */

/* Begin XCConfigurationList section */
		96B91DE827BE4AFE00475CAA /* Build configuration list for PBXProject "Newstock" */ = {
			isa = XCConfigurationList;
			buildConfigurations = (
				96B91DFF27BE4AFF00475CAA /* Debug */,
				96B91E0027BE4AFF00475CAA /* Release */,
			);
			defaultConfigurationIsVisible = 0;
			defaultConfigurationName = Release;
		};
		96B91E0127BE4AFF00475CAA /* Build configuration list for PBXNativeTarget "Newstock" */ = {
			isa = XCConfigurationList;
			buildConfigurations = (
				96B91E0227BE4AFF00475CAA /* Debug */,
				96B91E0327BE4AFF00475CAA /* Release */,
			);
			defaultConfigurationIsVisible = 0;
			defaultConfigurationName = Release;
		};
/* End XCConfigurationList section */
	};
	rootObject = 96B91DE527BE4AFE00475CAA /* Project object */;
}
